
Microsoft Visual Studio Solution File, Format Version 12.00
Project("{FAE04EC0-301F-11D3-BF4B-00C04F79EFBC}") = "RecipeLibrary", "RecipeLibrary\RecipeLibrary.csproj", "{5A21C375-089F-4AD0-B4DC-1BC3AD979D69}"
EndProject
Project("{FAE04EC0-301F-11D3-BF4B-00C04F79EFBC}") = "Recipe_App", "Recipe_App\Recipe_App.csproj", "{802A532E-7677-465A-91F4-E14C5852DCA4}"
EndProject
Global
	GlobalSection(SolutionConfigurationPlatforms) = preSolution
		Debug|Any CPU = Debug|Any CPU
		Release|Any CPU = Release|Any CPU
	EndGlobalSection
	GlobalSection(ProjectConfigurationPlatforms) = postSolution
		{5A21C375-089F-4AD0-B4DC-1BC3AD979D69}.Debug|Any CPU.ActiveCfg = Debug|Any CPU
		{5A21C375-089F-4AD0-B4DC-1BC3AD979D69}.Debug|Any CPU.Build.0 = Debug|Any CPU
		{5A21C375-089F-4AD0-B4DC-1BC3AD979D69}.Release|Any CPU.ActiveCfg = Release|Any CPU
		{5A21C375-089F-4AD0-B4DC-1BC3AD979D69}.Release|Any CPU.Build.0 = Release|Any CPU
		{802A532E-7677-465A-91F4-E14C5852DCA4}.Debug|Any CPU.ActiveCfg = Debug|Any CPU
		{802A532E-7677-465A-91F4-E14C5852DCA4}.Debug|Any CPU.Build.0 = Debug|Any CPU
		{802A532E-7677-465A-91F4-E14C5852DCA4}.Release|Any CPU.ActiveCfg = Release|Any CPU
		{802A532E-7677-465A-91F4-E14C5852DCA4}.Release|Any CPU.Build.0 = Release|Any CPU
	EndGlobalSection
EndGlobal
